
Microsoft Visual Studio Solution File, Format Version 12.00
# Visual Studio Version 17
VisualStudioVersion = 17.13.35825.156 d17.13
MinimumVisualStudioVersion = 10.0.40219.1
Project("{FAE04EC0-301F-11D3-BF4B-00C04F79EFBC}") = "MicroTimer", "MicroTimer.csproj", "{8B736B88-10AC-486F-B092-E423D487FE2A}"
EndProject
Global
	GlobalSection(SolutionConfigurationPlatforms) = preSolution
		Debug|Any CPU = Debug|Any CPU
		Release|Any CPU = Release|Any CPU
	EndGlobalSection
	GlobalSection(ProjectConfigurationPlatforms) = postSolution
		{8B736B88-10AC-486F-B092-E423D487FE2A}.Debug|Any CPU.ActiveCfg = Debug|Any CPU
		{8B736B88-10AC-486F-B092-E423D487FE2A}.Debug|Any CPU.Build.0 = Debug|Any CPU
		{8B736B88-10AC-486F-B092-E423D487FE2A}.Release|Any CPU.ActiveCfg = Release|Any CPU
		{8B736B88-10AC-486F-B092-E423D487FE2A}.Release|Any CPU.Build.0 = Release|Any CPU
	EndGlobalSection
	GlobalSection(SolutionProperties) = preSolution
		HideSolutionNode = FALSE
	EndGlobalSection
	GlobalSection(ExtensibilityGlobals) = postSolution
		SolutionGuid = {C155AF4B-4F94-492D-A278-9A5E1518C109}
	EndGlobalSection
EndGlobal
